{
    "_meta": {
        "hash": {
            "sha256": "efb02655aa33b2373736424cba35313bed32822131e94203fcf7e58820b35dce"
        },
        "pipfile-spec": 6,
        "requires": {},
        "sources": [
            {
                "name": "pypi",
                "url": "https://pypi.python.org/simple",
                "verify_ssl": true
            }
        ]
    },
    "default": {
        "cffi": {
            "hashes": [
                "sha256:011aff3524d578a9412c8b3cfaa50f2c0bd78e03eb7af7aa5e0df59b158efb2f",
                "sha256:0a048d4f6630113e54bb4b77e315e1ba32a5a31512c31a273807d0027a7e69ab",
                "sha256:0bb15e7acf8ab35ca8b24b90af52c8b391690ef5c4aec3d31f38f0d37d2cc499",
                "sha256:0d46ee4764b88b91f16661a8befc6bfb24806d885e27436fdc292ed7e6f6d058",
                "sha256:0e60821d312f99d3e1569202518dddf10ae547e799d75aef3bca3a2d9e8ee693",
                "sha256:0fdacad9e0d9fc23e519efd5ea24a70348305e8d7d85ecbb1a5fa66dc834e7fb",
                "sha256:14b9cbc8f7ac98a739558eb86fabc283d4d564dafed50216e7f7ee62d0d25377",
                "sha256:17c6d6d3260c7f2d94f657e6872591fe8733872a86ed1345bda872cfc8c74885",
                "sha256:1a2ddbac59dc3716bc79f27906c010406155031a1c801410f1bafff17ea304d2",
                "sha256:2404f3de742f47cb62d023f0ba7c5a916c9c653d5b368cc966382ae4e57da401",
                "sha256:24658baf6224d8f280e827f0a50c46ad819ec8ba380a42448e24459daf809cf4",
                "sha256:24aa705a5f5bd3a8bcfa4d123f03413de5d86e497435693b638cbffb7d5d8a1b",
                "sha256:2770bb0d5e3cc0e31e7318db06efcbcdb7b31bcb1a70086d3177692a02256f59",
                "sha256:331ad15c39c9fe9186ceaf87203a9ecf5ae0ba2538c9e898e3a6967e8ad3db6f",
                "sha256:3aa9d43b02a0c681f0bfbc12d476d47b2b2b6a3f9287f11ee42989a268a1833c",
                "sha256:41f4915e09218744d8bae14759f983e466ab69b178de38066f7579892ff2a555",
                "sha256:4304d4416ff032ed50ad6bb87416d802e67139e31c0bde4628f36a47a3164bfa",
                "sha256:435a22d00ec7d7ea533db494da8581b05977f9c37338c80bc86314bec2619424",
                "sha256:45f7cd36186db767d803b1473b3c659d57a23b5fa491ad83c6d40f2af58e4dbb",
                "sha256:48b389b1fd5144603d61d752afd7167dfd205973a43151ae5045b35793232aa2",
                "sha256:4e67d26532bfd8b7f7c05d5a766d6f437b362c1bf203a3a5ce3593a645e870b8",
                "sha256:516a405f174fd3b88829eabfe4bb296ac602d6a0f68e0d64d5ac9456194a5b7e",
                "sha256:5ba5c243f4004c750836f81606a9fcb7841f8874ad8f3bf204ff5e56332b72b9",
                "sha256:5bdc0f1f610d067c70aa3737ed06e2726fd9d6f7bfee4a351f4c40b6831f4e82",
                "sha256:6107e445faf057c118d5050560695e46d272e5301feffda3c41849641222a828",
                "sha256:6327b572f5770293fc062a7ec04160e89741e8552bf1c358d1a23eba68166759",
                "sha256:669b29a9eca6146465cc574659058ed949748f0809a2582d1f1a324eb91054dc",
                "sha256:6ce01337d23884b21c03869d2f68c5523d43174d4fc405490eb0091057943118",
                "sha256:6d872186c1617d143969defeadac5a904e6e374183e07977eedef9c07c8953bf",
                "sha256:6f76a90c345796c01d85e6332e81cab6d70de83b829cf1d9762d0a3da59c7932",
                "sha256:70d2aa9fb00cf52034feac4b913181a6e10356019b18ef89bc7c12a283bf5f5a",
                "sha256:7cbc78dc018596315d4e7841c8c3a7ae31cc4d638c9b627f87d52e8abaaf2d29",
                "sha256:856bf0924d24e7f93b8aee12a3a1095c34085600aa805693fb7f5d1962393206",
                "sha256:8a98748ed1a1df4ee1d6f927e151ed6c1a09d5ec21684de879c7ea6aa96f58f2",
                "sha256:93a7350f6706b31f457c1457d3a3259ff9071a66f312ae64dc024f049055f72c",
                "sha256:964823b2fc77b55355999ade496c54dde161c621cb1f6eac61dc30ed1b63cd4c",
                "sha256:a003ac9edc22d99ae1286b0875c460351f4e101f8c9d9d2576e78d7e048f64e0",
                "sha256:a0ce71725cacc9ebf839630772b07eeec220cbb5f03be1399e0457a1464f8e1a",
                "sha256:a47eef975d2b8b721775a0fa286f50eab535b9d56c70a6e62842134cf7841195",
                "sha256:a8b5b9712783415695663bd463990e2f00c6750562e6ad1d28e072a611c5f2a6",
                "sha256:a9015f5b8af1bb6837a3fcb0cdf3b874fe3385ff6274e8b7925d81ccaec3c5c9",
                "sha256:aec510255ce690d240f7cb23d7114f6b351c733a74c279a84def763660a2c3bc",
                "sha256:b00e7bcd71caa0282cbe3c90966f738e2db91e64092a877c3ff7f19a1628fdcb",
                "sha256:b50aaac7d05c2c26dfd50c3321199f019ba76bb650e346a6ef3616306eed67b0",
                "sha256:b7b6ea9e36d32582cda3465f54c4b454f62f23cb083ebc7a94e2ca6ef011c3a7",
                "sha256:bb9333f58fc3a2296fb1d54576138d4cf5d496a2cc118422bd77835e6ae0b9cb",
                "sha256:c1c13185b90bbd3f8b5963cd8ce7ad4ff441924c31e23c975cb150e27c2bf67a",
                "sha256:c3b8bd3133cd50f6b637bb4322822c94c5ce4bf0d724ed5ae70afce62187c492",
                "sha256:c5d97162c196ce54af6700949ddf9409e9833ef1003b4741c2b39ef46f1d9720",
                "sha256:c815270206f983309915a6844fe994b2fa47e5d05c4c4cef267c3b30e34dbe42",
                "sha256:cab2eba3830bf4f6d91e2d6718e0e1c14a2f5ad1af68a89d24ace0c6b17cced7",
                "sha256:d1df34588123fcc88c872f5acb6f74ae59e9d182a2707097f9e28275ec26a12d",
                "sha256:d6bdcd415ba87846fd317bee0774e412e8792832e7805938987e4ede1d13046d",
                "sha256:db9a30ec064129d605d0f1aedc93e00894b9334ec74ba9c6bdd08147434b33eb",
                "sha256:dbc183e7bef690c9abe5ea67b7b60fdbca81aa8da43468287dae7b5c046107d4",
                "sha256:dca802c8db0720ce1c49cce1149ff7b06e91ba15fa84b1d59144fef1a1bc7ac2",
                "sha256:dec6b307ce928e8e112a6bb9921a1cb00a0e14979bf28b98e084a4b8a742bd9b",
                "sha256:df8bb0010fdd0a743b7542589223a2816bdde4d94bb5ad67884348fa2c1c67e8",
                "sha256:e4094c7b464cf0a858e75cd14b03509e84789abf7b79f8537e6a72152109c76e",
                "sha256:e4760a68cab57bfaa628938e9c2971137e05ce48e762a9cb53b76c9b569f1204",
                "sha256:eb09b82377233b902d4c3fbeeb7ad731cdab579c6c6fda1f763cd779139e47c3",
                "sha256:eb862356ee9391dc5a0b3cbc00f416b48c1b9a52d252d898e5b7696a5f9fe150",
                "sha256:ef9528915df81b8f4c7612b19b8628214c65c9b7f74db2e34a646a0a2a0da2d4",
                "sha256:f3157624b7558b914cb039fd1af735e5e8049a87c817cc215109ad1c8779df76",
                "sha256:f3e0992f23bbb0be00a921eae5363329253c3b86287db27092461c887b791e5e",
                "sha256:f9338cc05451f1942d0d8203ec2c346c830f8e86469903d5126c1f0a13a2bcbb",
                "sha256:ffef8fd58a36fb5f1196919638f73dd3ae0db1a878982b27a9a5a176ede4ba91"
            ],
            "markers": "platform_python_implementation != 'PyPy'",
            "version": "==1.17.0"
        },
        "colorama": {
            "hashes": [
                "sha256:08695f5cb7ed6e0531a20572697297273c47b8cae5a63ffc6d6ed5c201be6e44",
                "sha256:4f1d9991f5acc0ca119f9d443620b77f9d6b33703e51011c16baf57afb285fc6"
            ],
            "index": "pypi",
            "markers": "python_version >= '2.7' and python_version not in '3.0, 3.1, 3.2, 3.3, 3.4, 3.5, 3.6'",
            "version": "==0.4.6"
        },
        "cryptography": {
            "hashes": [
                "sha256:013629ae70b40af70c9a7a5db40abe5d9054e6f4380e50ce769947b73bf3caad",
                "sha256:2346b911eb349ab547076f47f2e035fc8ff2c02380a7cbbf8d87114fa0f1c583",
                "sha256:2f66d9cd9147ee495a8374a45ca445819f8929a3efcd2e3df6428e46c3cbb10b",
                "sha256:2f88d197e66c65be5e42cd72e5c18afbfae3f741742070e3019ac8f4ac57262c",
                "sha256:31f721658a29331f895a5a54e7e82075554ccfb8b163a18719d342f5ffe5ecb1",
                "sha256:343728aac38decfdeecf55ecab3264b015be68fc2816ca800db649607aeee648",
                "sha256:5226d5d21ab681f432a9c1cf8b658c0cb02533eece706b155e5fbd8a0cdd3949",
                "sha256:57080dee41209e556a9a4ce60d229244f7a66ef52750f813bfbe18959770cfba",
                "sha256:5a94eccb2a81a309806027e1670a358b99b8fe8bfe9f8d329f27d72c094dde8c",
                "sha256:6b7c4f03ce01afd3b76cf69a5455caa9cfa3de8c8f493e0d3ab7d20611c8dae9",
                "sha256:7016f837e15b0a1c119d27ecd89b3515f01f90a8615ed5e9427e30d9cdbfed3d",
                "sha256:81884c4d096c272f00aeb1f11cf62ccd39763581645b0812e99a91505fa48e0c",
                "sha256:81d8a521705787afe7a18d5bfb47ea9d9cc068206270aad0b96a725022e18d2e",
                "sha256:8d09d05439ce7baa8e9e95b07ec5b6c886f548deb7e0f69ef25f64b3bce842f2",
                "sha256:961e61cefdcb06e0c6d7e3a1b22ebe8b996eb2bf50614e89384be54c48c6b63d",
                "sha256:9c0c1716c8447ee7dbf08d6db2e5c41c688544c61074b54fc4564196f55c25a7",
                "sha256:a0608251135d0e03111152e41f0cc2392d1e74e35703960d4190b2e0f4ca9c70",
                "sha256:a0c5b2b0585b6af82d7e385f55a8bc568abff8923af147ee3c07bd8b42cda8b2",
                "sha256:ad803773e9df0b92e0a817d22fd8a3675493f690b96130a5e24f1b8fabbea9c7",
                "sha256:b297f90c5723d04bcc8265fc2a0f86d4ea2e0f7ab4b6994459548d3a6b992a14",
                "sha256:ba4f0a211697362e89ad822e667d8d340b4d8d55fae72cdd619389fb5912eefe",
                "sha256:c4783183f7cb757b73b2ae9aed6599b96338eb957233c58ca8f49a49cc32fd5e",
                "sha256:c9bb2ae11bfbab395bdd072985abde58ea9860ed84e59dbc0463a5d0159f5b71",
                "sha256:cafb92b2bc622cd1aa6a1dce4b93307792633f4c5fe1f46c6b97cf67073ec961",
                "sha256:d45b940883a03e19e944456a558b67a41160e367a719833c53de6911cabba2b7",
                "sha256:dc0fdf6787f37b1c6b08e6dfc892d9d068b5bdb671198c72072828b80bd5fe4c",
                "sha256:dea567d1b0e8bc5764b9443858b673b734100c2871dc93163f58c46a97a83d28",
                "sha256:dec9b018df185f08483f294cae6ccac29e7a6e0678996587363dc352dc65c842",
                "sha256:e3ec3672626e1b9e55afd0df6d774ff0e953452886e06e0f1eb7eb0c832e8902",
                "sha256:e599b53fd95357d92304510fb7bda8523ed1f79ca98dce2f43c115950aa78801",
                "sha256:fa76fbb7596cc5839320000cdd5d0955313696d9511debab7ee7278fc8b5c84a",
                "sha256:fff12c88a672ab9c9c1cf7b0c80e3ad9e2ebd9d828d955c126be4fd3e5578c9e"
            ],
            "index": "pypi",
            "markers": "python_version >= '3.7'",
            "version": "==42.0.8"
        },
        "dnspython": {
            "hashes": [
                "sha256:5ef3b9680161f6fa89daf8ad451b5f1a33b18ae8a1c6778cdf4b43f08c0a6e50",
                "sha256:e8f0f9c23a7b7cb99ded64e6c3a6f3e701d78f50c55e002b839dea7225cff7cc"
            ],
            "markers": "python_version >= '3.8'",
            "version": "==2.6.1"
        },
        "pycparser": {
            "hashes": [
                "sha256:491c8be9c040f5390f5bf44a5b07752bd07f56edf992381b05c701439eec10f6",
                "sha256:c3702b6d3dd8c7abc1afa565d7e63d53a1d0bd86cdc24edd75470f4de499cfcc"
            ],
            "markers": "python_version >= '3.8'",
            "version": "==2.22"
        },
        "pymongo": {
            "hashes": [
                "sha256:00e6cfce111883ca63a3c12878286e0b89871f4b840290e61fb6f88ee0e687be",
                "sha256:01277a7e183c59081368e4efbde2b8f577014431b257959ca98d3a4e8682dd51",
                "sha256:0182899aafe830f25cf96c5976d724efeaaf7b6646c15424ad8dd25422b2efe1",
                "sha256:098d420a8214ad25f872de7e8b309441995d12ece0376218a04d9ed5d2222cf3",
                "sha256:0a4ea44e5a913bdb7c9abd34c69e9fcfac10dfaf49765463e0dc1ea922dd2a9d",
                "sha256:0e208f2ab7b495eff8fd175022abfb0abce6307ac5aee3f4de51fc1a459b71c9",
                "sha256:138b9fa18d40401c217bc038a48bcde4160b02d36d8632015b1804971a2eaa2f",
                "sha256:14a82593528cddc93cfea5ee78fac95ae763a3a4e124ca79ee0b24fbbc6da1c9",
                "sha256:151361c101600a85cb1c1e0db4e4b28318b521fcafa9b62d389f7342faaaee80",
                "sha256:17c1c143ba77d6e21fc8b48e93f0a5ed982a23447434e9ee4fbb6d633402506b",
                "sha256:18e5c161b18660f1c9d1f78236de45520a436be65e42b7bb51f25f74ad22bdde",
                "sha256:1c2761302b6cbfd12e239ce1b8061d4cf424a361d199dcb32da534985cae9350",
                "sha256:26d036e0f5de09d0b21d0fc30314fcf2ae6359e4d43ae109aa6cf27b4ce02d30",
                "sha256:2a6ae9a600bbc2dbff719c98bf5da584fb8a4f2bb23729a09be2e9c3dbc61c8a",
                "sha256:2ef1b4992ee1cb8bb16745e70afa0c02c5360220a7a8bb4775888721f052d0a6",
                "sha256:36d7049fc183fe4edda3eae7f66ea14c660921429e082fe90b4b7f4dc6664a70",
                "sha256:391aea047bba928006114282f175bc8d09c53fe1b7d8920bf888325e229302fe",
                "sha256:3b909e5b1864de01510079b39bbdc480720c37747be5552b354bc73f02c24a3c",
                "sha256:3e1ba5a037c526a3f4060c28f8d45d71ed9626e2bf954b0cd9a8dcc3b45172ee",
                "sha256:400074090b9a631f120b42c61b222fd743490c133a5d2f99c0208cefcccc964e",
                "sha256:462684a6f5ce6f2661c30eab4d1d459231e0eed280f338e716e31a24fc09ccb3",
                "sha256:4670edbb5ddd71a4d555668ef99b032a5f81b59e4145d66123aa0d831eac7883",
                "sha256:48c60bd32ec141c0d45d8471179430003d9fb4490da181b8165fb1dce9cc255c",
                "sha256:4955be64d943b30f2a7ff98d818ca530f7cb37450bc6b32c37e0e74821907ef8",
                "sha256:4a0660ce32d8459b7f12dc3ca0141528fead62d3cce31b548f96f30902074cc0",
                "sha256:4d167d546352869125dc86f6fda6dffc627d8a9c8963eaee665825f2520d542b",
                "sha256:53451190b8628e1ce7d1fe105dc376c3f10705127bd3b51fe3e107b9ff1851e6",
                "sha256:5c8a4982f5eb767c6fbfb8fb378683d09bcab7c3251ba64357eef600d43f6c23",
                "sha256:5f465cca9b178e7bb782f952dd58e9e92f8ba056e585959465f2bb50feddef5f",
                "sha256:60931b0e07448afe8866ffff764cd5bf4b1a855dc84c7dcb3974c6aa6a377a59",
                "sha256:664c64b6bdb31aceb80f0556951e5e2bf50d359270732268b4e7af00a1cf5d6c",
                "sha256:6b5aec78aa4840e8d6c3881900259892ab5733a366696ca10d99d68c3d73eaaf",
                "sha256:6cec7279e5a1b74b257d0270a8c97943d745811066630a6bc6beb413c68c6a33",
                "sha256:6d5b35da9e16cda630baed790ffc3d0d01029d269523a7cec34d2ec7e6823e75",
                "sha256:6de33f1b2eed91b802ec7abeb92ffb981d052f3604b45588309aae9e0f6e3c02",
                "sha256:705a9bfd619301ee7e985d6f91f68b15dfcb2f6f36b8cc225cc82d4260d2bce5",
                "sha256:722f2b709b63311c0efda4fa4c603661faa4bec6bad24a6cc41a3bc6d841bf09",
                "sha256:731a92dfc4022db763bfa835c6bd160f2d2cba6ada75749c2ed500e13983414b",
                "sha256:7330245253fbe2e09845069d2f4d35dd27f63e377034c94cb0ddac18bc8b0d82",
                "sha256:75107a386d4ccf5291e75cce8ca3898430e7907f4cc1208a17c9efad33a1ea84",
                "sha256:7df8b166d3db6cfead4cf55b481408d8f0935d8bd8d6dbf64507c49ef82c7200",
                "sha256:7ee79e02a7c5ed34706ecb5dad19e6c7d267cf86d28c075ef3127c58f3081279",
                "sha256:872bad5c83f7eec9da11e1fef5f858c6a4c79fe4a83c7780e7b0fe95d560ae3f",
                "sha256:8b3853fb66bf34ce1b6e573e1bbb3cb28763be9d1f57758535757faf1ab2f24a",
                "sha256:8d0ea740a2faa56f930dc82c5976d96c017ece26b29a1cddafb58721c7aab960",
                "sha256:8e97c138d811e9367723fcd07c4402a9211caae20479fdd6301d57762778a69f",
                "sha256:90525454546536544307e6da9c81f331a71a1b144e2d038fec587cc9f9250285",
                "sha256:9066dff9dc0a182478ca5885d0b8a2b820b462e19459ada109df7a3ced31b272",
                "sha256:9757602fb45c8ecc1883fe6db7c59c19d87eb3c645ec9342d28a6026837da931",
                "sha256:98877a9c4ad42df8253a12d8d17a3265781d1feb5c91c767bd153f88feb0b670",
                "sha256:994386a4d6ad39e18bcede6dc8d1d693ec3ed897b88f86b1841fbc37227406da",
                "sha256:9b35f8bded43ff91475305445fedf0613f880ff7e25c75ae1028e1260a9b7a86",
                "sha256:9c9340c7161e112e36ebb97fbba1cdbe7db3dfacb694d2918b1f155a01f3d859",
                "sha256:9e51e30d67b468a2a634ade928b30cb3e420127f148a9aec60de33f39087bdc4",
                "sha256:a023804a3ac0f85d4510265b60978522368b5815772262e61e3a2222a8b315c9",
                "sha256:aa310096450e9c461b7dfd66cbc1c41771fe36c06200440bb3e062b1d4a06b6e",
                "sha256:af039afc6d787502c02089759778b550cb2f25dbe2780f5b050a2e37031c3fbf",
                "sha256:af5c5112db04cf62a5d9d224a24f289aaecb47d152c08a457cca81cee061d5bd",
                "sha256:b3d10bdd46cbc35a2109737d36ffbef32e7420569a87904738ad444ccb7ac2c5",
                "sha256:b7cf28d9c90e40d4e385b858e4095739829f466f23e08674085161d86bb4bb10",
                "sha256:bec8e4e88984be157408f1923d25869e1b575c07711cdbdde596f66931800934",
                "sha256:becfa816545a48c8e740ac2fd624c1c121e1362072d68ffcf37a6b1be8ea187e",
                "sha256:c2ad3e5bfcd345c0bfe9af69a82d720860b5b043c1657ffb513c18a0dee19c19",
                "sha256:c4726e36a2f7e92f09f5b8e92ba4db7525daffe31a0dcbcf0533edc0ade8c7d8",
                "sha256:c67c19f653053ef2ebd7f1837c2978400058d6d7f66ec5760373a21eaf660158",
                "sha256:c701de8e483fb5e53874aab642235361aac6de698146b02c644389eaa8c137b6",
                "sha256:cc7a26edf79015c58eea46feb5b262cece55bc1d4929a8a9e0cbe7e6d6a9b0eb",
                "sha256:ccc15a7c7a99aed7d0831eaf78a607f1db0c7a255f96e3d18984231acd72f70c",
                "sha256:cd6c15242d9306ff1748681c3235284cbe9f807aeaa86cd17d85e72af626e9a7",
                "sha256:cdbea2aac1a4caa66ee912af3601557d2bda2f9f69feec83601c78c7e53ece64",
                "sha256:d30d5d7963453b478016bf7b0d87d7089ca24d93dbdecfbc9aa32f1b4772160a",
                "sha256:dde9fb6e105ce054339256a8b7a9775212ebb29596ef4e402d7bbc63b354d202",
                "sha256:e097f877de4d6af13a33ef938bf2a2350f424be5deabf8b857da95f5b080487a",
                "sha256:e1e1586ebdebe0447a24842480defac17c496430a218486c96e2da3f164c0f05",
                "sha256:e344d0afdd7c06c1f1e66a4736593293f432defc2191e6b411fc9c82fa8c5adc",
                "sha256:e4056bc421d4df2c61db4e584415f2b0f1eebb92cbf9222f7f38303467c37117",
                "sha256:e420e74c6db4594a6d09f39b58c0772679006cb0b4fc40901ba608794d87dad2",
                "sha256:e458e6fc2b7dd40d15cda04898bd2d8c9ff7ae086c516bc261628d54eb4e3158",
                "sha256:eaf3d594ebfd5e1f3503d81e06a5d78e33cda27418b36c2491c3d4ad4fca5972",
                "sha256:ebcc145c74d06296ce0cad35992185064e5cb2aadef719586778c144f0cd4d37",
                "sha256:f4330c022024e7994b630199cdae909123e4b0e9cf15335de71b146c0f6a2435",
                "sha256:ff7d1f449fcad23d9bc8e8dc2b9972be38bcd76d99ea5f7d29b2efa929c2a7ff"
            ],
            "index": "pypi",
            "markers": "python_version >= '3.7'",
            "version": "==4.6.3"
        }
    },
    "develop": {
        "coverage": {
            "hashes": [
                "sha256:06a737c882bd26d0d6ee7269b20b12f14a8704807a01056c80bb881a4b2ce6ca",
                "sha256:07e2ca0ad381b91350c0ed49d52699b625aab2b44b65e1b4e02fa9df0e92ad2d",
                "sha256:0c0420b573964c760df9e9e86d1a9a622d0d27f417e1a949a8a66dd7bcee7bc6",
                "sha256:0dbde0f4aa9a16fa4d754356a8f2e36296ff4d83994b2c9d8398aa32f222f989",
                "sha256:1125ca0e5fd475cbbba3bb67ae20bd2c23a98fac4e32412883f9bcbaa81c314c",
                "sha256:13b0a73a0896988f053e4fbb7de6d93388e6dd292b0d87ee51d106f2c11b465b",
                "sha256:166811d20dfea725e2e4baa71fffd6c968a958577848d2131f39b60043400223",
                "sha256:170d444ab405852903b7d04ea9ae9b98f98ab6d7e63e1115e82620807519797f",
                "sha256:1f4aa8219db826ce6be7099d559f8ec311549bfc4046f7f9fe9b5cea5c581c56",
                "sha256:225667980479a17db1048cb2bf8bfb39b8e5be8f164b8f6628b64f78a72cf9d3",
                "sha256:260933720fdcd75340e7dbe9060655aff3af1f0c5d20f46b57f262ab6c86a5e8",
                "sha256:2bdb062ea438f22d99cba0d7829c2ef0af1d768d1e4a4f528087224c90b132cb",
                "sha256:2c09f4ce52cb99dd7505cd0fc8e0e37c77b87f46bc9c1eb03fe3bc9991085388",
                "sha256:3115a95daa9bdba70aea750db7b96b37259a81a709223c8448fa97727d546fe0",
                "sha256:3e0cadcf6733c09154b461f1ca72d5416635e5e4ec4e536192180d34ec160f8a",
                "sha256:3f1156e3e8f2872197af3840d8ad307a9dd18e615dc64d9ee41696f287c57ad8",
                "sha256:4421712dbfc5562150f7554f13dde997a2e932a6b5f352edcce948a815efee6f",
                "sha256:44df346d5215a8c0e360307d46ffaabe0f5d3502c8a1cefd700b34baf31d411a",
                "sha256:502753043567491d3ff6d08629270127e0c31d4184c4c8d98f92c26f65019962",
                "sha256:547f45fa1a93154bd82050a7f3cddbc1a7a4dd2a9bf5cb7d06f4ae29fe94eaf8",
                "sha256:5621a9175cf9d0b0c84c2ef2b12e9f5f5071357c4d2ea6ca1cf01814f45d2391",
                "sha256:609b06f178fe8e9f89ef676532760ec0b4deea15e9969bf754b37f7c40326dbc",
                "sha256:645786266c8f18a931b65bfcefdbf6952dd0dea98feee39bd188607a9d307ed2",
                "sha256:6878ef48d4227aace338d88c48738a4258213cd7b74fd9a3d4d7582bb1d8a155",
                "sha256:6a89ecca80709d4076b95f89f308544ec8f7b4727e8a547913a35f16717856cb",
                "sha256:6db04803b6c7291985a761004e9060b2bca08da6d04f26a7f2294b8623a0c1a0",
                "sha256:6e2cd258d7d927d09493c8df1ce9174ad01b381d4729a9d8d4e38670ca24774c",
                "sha256:6e81d7a3e58882450ec4186ca59a3f20a5d4440f25b1cff6f0902ad890e6748a",
                "sha256:702855feff378050ae4f741045e19a32d57d19f3e0676d589df0575008ea5004",
                "sha256:78b260de9790fd81e69401c2dc8b17da47c8038176a79092a89cb2b7d945d060",
                "sha256:7bb65125fcbef8d989fa1dd0e8a060999497629ca5b0efbca209588a73356232",
                "sha256:7dea0889685db8550f839fa202744652e87c60015029ce3f60e006f8c4462c93",
                "sha256:8284cf8c0dd272a247bc154eb6c95548722dce90d098c17a883ed36e67cdb129",
                "sha256:877abb17e6339d96bf08e7a622d05095e72b71f8afd8a9fefc82cf30ed944163",
                "sha256:8929543a7192c13d177b770008bc4e8119f2e1f881d563fc6b6305d2d0ebe9de",
                "sha256:8ae539519c4c040c5ffd0632784e21b2f03fc1340752af711f33e5be83a9d6c6",
                "sha256:8f59d57baca39b32db42b83b2a7ba6f47ad9c394ec2076b084c3f029b7afca23",
                "sha256:9054a0754de38d9dbd01a46621636689124d666bad1936d76c0341f7d71bf569",
                "sha256:953510dfb7b12ab69d20135a0662397f077c59b1e6379a768e97c59d852ee51d",
                "sha256:95cae0efeb032af8458fc27d191f85d1717b1d4e49f7cb226cf526ff28179778",
                "sha256:9bc572be474cafb617672c43fe989d6e48d3c83af02ce8de73fff1c6bb3c198d",
                "sha256:9c56863d44bd1c4fe2abb8a4d6f5371d197f1ac0ebdee542f07f35895fc07f36",
                "sha256:9e0b2df163b8ed01d515807af24f63de04bebcecbd6c3bfeff88385789fdf75a",
                "sha256:a09ece4a69cf399510c8ab25e0950d9cf2b42f7b3cb0374f95d2e2ff594478a6",
                "sha256:a1ac0ae2b8bd743b88ed0502544847c3053d7171a3cff9228af618a068ed9c34",
                "sha256:a318d68e92e80af8b00fa99609796fdbcdfef3629c77c6283566c6f02c6d6704",
                "sha256:a4acd025ecc06185ba2b801f2de85546e0b8ac787cf9d3b06e7e2a69f925b106",
                "sha256:a6d3adcf24b624a7b778533480e32434a39ad8fa30c315208f6d3e5542aeb6e9",
                "sha256:a78d169acd38300060b28d600344a803628c3fd585c912cacc9ea8790fe96862",
                "sha256:a95324a9de9650a729239daea117df21f4b9868ce32e63f8b650ebe6cef5595b",
                "sha256:abd5fd0db5f4dc9289408aaf34908072f805ff7792632250dcb36dc591d24255",
                "sha256:b06079abebbc0e89e6163b8e8f0e16270124c154dc6e4a47b413dd538859af16",
                "sha256:b43c03669dc4618ec25270b06ecd3ee4fa94c7f9b3c14bae6571ca00ef98b0d3",
                "sha256:b48f312cca9621272ae49008c7f613337c53fadca647d6384cc129d2996d1133",
                "sha256:b5d7b556859dd85f3a541db6a4e0167b86e7273e1cdc973e5b175166bb634fdb",
                "sha256:b9f222de8cded79c49bf184bdbc06630d4c58eec9459b939b4a690c82ed05657",
                "sha256:c3c02d12f837d9683e5ab2f3d9844dc57655b92c74e286c262e0fc54213c216d",
                "sha256:c44fee9975f04b33331cb8eb272827111efc8930cfd582e0320613263ca849ca",
                "sha256:cf4b19715bccd7ee27b6b120e7e9dd56037b9c0681dcc1adc9ba9db3d417fa36",
                "sha256:d0c212c49b6c10e6951362f7c6df3329f04c2b1c28499563d4035d964ab8e08c",
                "sha256:d3296782ca4eab572a1a4eca686d8bfb00226300dcefdf43faa25b5242ab8a3e",
                "sha256:d85f5e9a5f8b73e2350097c3756ef7e785f55bd71205defa0bfdaf96c31616ff",
                "sha256:da511e6ad4f7323ee5702e6633085fb76c2f893aaf8ce4c51a0ba4fc07580ea7",
                "sha256:e05882b70b87a18d937ca6768ff33cc3f72847cbc4de4491c8e73880766718e5",
                "sha256:e61c0abb4c85b095a784ef23fdd4aede7a2628478e7baba7c5e3deba61070a02",
                "sha256:e6a08c0be454c3b3beb105c0596ebdc2371fab6bb90c0c0297f4e58fd7e1012c",
                "sha256:e9a6e0eb86070e8ccaedfbd9d38fec54864f3125ab95419970575b42af7541df",
                "sha256:ed37bd3c3b063412f7620464a9ac1314d33100329f39799255fb8d3027da50d3",
                "sha256:f1adfc8ac319e1a348af294106bc6a8458a0f1633cc62a1446aebc30c5fa186a",
                "sha256:f5796e664fe802da4f57a168c85359a8fbf3eab5e55cd4e4569fbacecc903959",
                "sha256:fc5a77d0c516700ebad189b587de289a20a78324bc54baee03dd486f0855d234",
                "sha256:fd21f6ae3f08b41004dfb433fa895d858f3f5979e7762d052b12aef444e29afc"
            ],
            "index": "pypi",
            "markers": "python_version >= '3.8'",
            "version": "==7.6.1"
        },
        "dnspython": {
            "hashes": [
                "sha256:5ef3b9680161f6fa89daf8ad451b5f1a33b18ae8a1c6778cdf4b43f08c0a6e50",
                "sha256:e8f0f9c23a7b7cb99ded64e6c3a6f3e701d78f50c55e002b839dea7225cff7cc"
            ],
            "markers": "python_version >= '3.8'",
            "version": "==2.6.1"
        },
        "pexpect": {
            "hashes": [
                "sha256:7236d1e080e4936be2dc3e326cec0af72acf9212a7e1d060210e70a47e253523",
                "sha256:ee7d41123f3c9911050ea2c2dac107568dc43b2d3b0c7557a33212c398ead30f"
            ],
            "index": "pypi",
            "version": "==4.9.0"
        },
        "psycopg": {
            "hashes": [
                "sha256:dc8da6dc8729dacacda3cc2f17d2c9397a70a66cf0d2b69c91065d60d5f00cb7",
                "sha256:ece385fb413a37db332f97c49208b36cf030ff02b199d7635ed2fbd378724175"
            ],
            "index": "pypi",
            "markers": "python_version >= '3.8'",
            "version": "==3.2.1"
        },
        "ptyprocess": {
            "hashes": [
                "sha256:4b41f3967fce3af57cc7e94b888626c18bf37a083e3651ca8feeb66d492fef35",
                "sha256:5c5d0a3b48ceee0b48485e0c26037c0acd7d29765ca3fbb5cb3831d347423220"
            ],
            "version": "==0.7.0"
        },
        "pymongo": {
            "hashes": [
                "sha256:00e6cfce111883ca63a3c12878286e0b89871f4b840290e61fb6f88ee0e687be",
                "sha256:01277a7e183c59081368e4efbde2b8f577014431b257959ca98d3a4e8682dd51",
                "sha256:0182899aafe830f25cf96c5976d724efeaaf7b6646c15424ad8dd25422b2efe1",
                "sha256:098d420a8214ad25f872de7e8b309441995d12ece0376218a04d9ed5d2222cf3",
                "sha256:0a4ea44e5a913bdb7c9abd34c69e9fcfac10dfaf49765463e0dc1ea922dd2a9d",
                "sha256:0e208f2ab7b495eff8fd175022abfb0abce6307ac5aee3f4de51fc1a459b71c9",
                "sha256:138b9fa18d40401c217bc038a48bcde4160b02d36d8632015b1804971a2eaa2f",
                "sha256:14a82593528cddc93cfea5ee78fac95ae763a3a4e124ca79ee0b24fbbc6da1c9",
                "sha256:151361c101600a85cb1c1e0db4e4b28318b521fcafa9b62d389f7342faaaee80",
                "sha256:17c1c143ba77d6e21fc8b48e93f0a5ed982a23447434e9ee4fbb6d633402506b",
                "sha256:18e5c161b18660f1c9d1f78236de45520a436be65e42b7bb51f25f74ad22bdde",
                "sha256:1c2761302b6cbfd12e239ce1b8061d4cf424a361d199dcb32da534985cae9350",
                "sha256:26d036e0f5de09d0b21d0fc30314fcf2ae6359e4d43ae109aa6cf27b4ce02d30",
                "sha256:2a6ae9a600bbc2dbff719c98bf5da584fb8a4f2bb23729a09be2e9c3dbc61c8a",
                "sha256:2ef1b4992ee1cb8bb16745e70afa0c02c5360220a7a8bb4775888721f052d0a6",
                "sha256:36d7049fc183fe4edda3eae7f66ea14c660921429e082fe90b4b7f4dc6664a70",
                "sha256:391aea047bba928006114282f175bc8d09c53fe1b7d8920bf888325e229302fe",
                "sha256:3b909e5b1864de01510079b39bbdc480720c37747be5552b354bc73f02c24a3c",
                "sha256:3e1ba5a037c526a3f4060c28f8d45d71ed9626e2bf954b0cd9a8dcc3b45172ee",
                "sha256:400074090b9a631f120b42c61b222fd743490c133a5d2f99c0208cefcccc964e",
                "sha256:462684a6f5ce6f2661c30eab4d1d459231e0eed280f338e716e31a24fc09ccb3",
                "sha256:4670edbb5ddd71a4d555668ef99b032a5f81b59e4145d66123aa0d831eac7883",
                "sha256:48c60bd32ec141c0d45d8471179430003d9fb4490da181b8165fb1dce9cc255c",
                "sha256:4955be64d943b30f2a7ff98d818ca530f7cb37450bc6b32c37e0e74821907ef8",
                "sha256:4a0660ce32d8459b7f12dc3ca0141528fead62d3cce31b548f96f30902074cc0",
                "sha256:4d167d546352869125dc86f6fda6dffc627d8a9c8963eaee665825f2520d542b",
                "sha256:53451190b8628e1ce7d1fe105dc376c3f10705127bd3b51fe3e107b9ff1851e6",
                "sha256:5c8a4982f5eb767c6fbfb8fb378683d09bcab7c3251ba64357eef600d43f6c23",
                "sha256:5f465cca9b178e7bb782f952dd58e9e92f8ba056e585959465f2bb50feddef5f",
                "sha256:60931b0e07448afe8866ffff764cd5bf4b1a855dc84c7dcb3974c6aa6a377a59",
                "sha256:664c64b6bdb31aceb80f0556951e5e2bf50d359270732268b4e7af00a1cf5d6c",
                "sha256:6b5aec78aa4840e8d6c3881900259892ab5733a366696ca10d99d68c3d73eaaf",
                "sha256:6cec7279e5a1b74b257d0270a8c97943d745811066630a6bc6beb413c68c6a33",
                "sha256:6d5b35da9e16cda630baed790ffc3d0d01029d269523a7cec34d2ec7e6823e75",
                "sha256:6de33f1b2eed91b802ec7abeb92ffb981d052f3604b45588309aae9e0f6e3c02",
                "sha256:705a9bfd619301ee7e985d6f91f68b15dfcb2f6f36b8cc225cc82d4260d2bce5",
                "sha256:722f2b709b63311c0efda4fa4c603661faa4bec6bad24a6cc41a3bc6d841bf09",
                "sha256:731a92dfc4022db763bfa835c6bd160f2d2cba6ada75749c2ed500e13983414b",
                "sha256:7330245253fbe2e09845069d2f4d35dd27f63e377034c94cb0ddac18bc8b0d82",
                "sha256:75107a386d4ccf5291e75cce8ca3898430e7907f4cc1208a17c9efad33a1ea84",
                "sha256:7df8b166d3db6cfead4cf55b481408d8f0935d8bd8d6dbf64507c49ef82c7200",
                "sha256:7ee79e02a7c5ed34706ecb5dad19e6c7d267cf86d28c075ef3127c58f3081279",
                "sha256:872bad5c83f7eec9da11e1fef5f858c6a4c79fe4a83c7780e7b0fe95d560ae3f",
                "sha256:8b3853fb66bf34ce1b6e573e1bbb3cb28763be9d1f57758535757faf1ab2f24a",
                "sha256:8d0ea740a2faa56f930dc82c5976d96c017ece26b29a1cddafb58721c7aab960",
                "sha256:8e97c138d811e9367723fcd07c4402a9211caae20479fdd6301d57762778a69f",
                "sha256:90525454546536544307e6da9c81f331a71a1b144e2d038fec587cc9f9250285",
                "sha256:9066dff9dc0a182478ca5885d0b8a2b820b462e19459ada109df7a3ced31b272",
                "sha256:9757602fb45c8ecc1883fe6db7c59c19d87eb3c645ec9342d28a6026837da931",
                "sha256:98877a9c4ad42df8253a12d8d17a3265781d1feb5c91c767bd153f88feb0b670",
                "sha256:994386a4d6ad39e18bcede6dc8d1d693ec3ed897b88f86b1841fbc37227406da",
                "sha256:9b35f8bded43ff91475305445fedf0613f880ff7e25c75ae1028e1260a9b7a86",
                "sha256:9c9340c7161e112e36ebb97fbba1cdbe7db3dfacb694d2918b1f155a01f3d859",
                "sha256:9e51e30d67b468a2a634ade928b30cb3e420127f148a9aec60de33f39087bdc4",
                "sha256:a023804a3ac0f85d4510265b60978522368b5815772262e61e3a2222a8b315c9",
                "sha256:aa310096450e9c461b7dfd66cbc1c41771fe36c06200440bb3e062b1d4a06b6e",
                "sha256:af039afc6d787502c02089759778b550cb2f25dbe2780f5b050a2e37031c3fbf",
                "sha256:af5c5112db04cf62a5d9d224a24f289aaecb47d152c08a457cca81cee061d5bd",
                "sha256:b3d10bdd46cbc35a2109737d36ffbef32e7420569a87904738ad444ccb7ac2c5",
                "sha256:b7cf28d9c90e40d4e385b858e4095739829f466f23e08674085161d86bb4bb10",
                "sha256:bec8e4e88984be157408f1923d25869e1b575c07711cdbdde596f66931800934",
                "sha256:becfa816545a48c8e740ac2fd624c1c121e1362072d68ffcf37a6b1be8ea187e",
                "sha256:c2ad3e5bfcd345c0bfe9af69a82d720860b5b043c1657ffb513c18a0dee19c19",
                "sha256:c4726e36a2f7e92f09f5b8e92ba4db7525daffe31a0dcbcf0533edc0ade8c7d8",
                "sha256:c67c19f653053ef2ebd7f1837c2978400058d6d7f66ec5760373a21eaf660158",
                "sha256:c701de8e483fb5e53874aab642235361aac6de698146b02c644389eaa8c137b6",
                "sha256:cc7a26edf79015c58eea46feb5b262cece55bc1d4929a8a9e0cbe7e6d6a9b0eb",
                "sha256:ccc15a7c7a99aed7d0831eaf78a607f1db0c7a255f96e3d18984231acd72f70c",
                "sha256:cd6c15242d9306ff1748681c3235284cbe9f807aeaa86cd17d85e72af626e9a7",
                "sha256:cdbea2aac1a4caa66ee912af3601557d2bda2f9f69feec83601c78c7e53ece64",
                "sha256:d30d5d7963453b478016bf7b0d87d7089ca24d93dbdecfbc9aa32f1b4772160a",
                "sha256:dde9fb6e105ce054339256a8b7a9775212ebb29596ef4e402d7bbc63b354d202",
                "sha256:e097f877de4d6af13a33ef938bf2a2350f424be5deabf8b857da95f5b080487a",
                "sha256:e1e1586ebdebe0447a24842480defac17c496430a218486c96e2da3f164c0f05",
                "sha256:e344d0afdd7c06c1f1e66a4736593293f432defc2191e6b411fc9c82fa8c5adc",
                "sha256:e4056bc421d4df2c61db4e584415f2b0f1eebb92cbf9222f7f38303467c37117",
                "sha256:e420e74c6db4594a6d09f39b58c0772679006cb0b4fc40901ba608794d87dad2",
                "sha256:e458e6fc2b7dd40d15cda04898bd2d8c9ff7ae086c516bc261628d54eb4e3158",
                "sha256:eaf3d594ebfd5e1f3503d81e06a5d78e33cda27418b36c2491c3d4ad4fca5972",
                "sha256:ebcc145c74d06296ce0cad35992185064e5cb2aadef719586778c144f0cd4d37",
                "sha256:f4330c022024e7994b630199cdae909123e4b0e9cf15335de71b146c0f6a2435",
                "sha256:ff7d1f449fcad23d9bc8e8dc2b9972be38bcd76d99ea5f7d29b2efa929c2a7ff"
            ],
            "index": "pypi",
            "markers": "python_version >= '3.7'",
            "version": "==4.6.3"
        },
        "pymysql": {
            "hashes": [
                "sha256:4de15da4c61dc132f4fb9ab763063e693d521a80fd0e87943b9a453dd4c19d6c",
                "sha256:e127611aaf2b417403c60bf4dc570124aeb4a57f5f37b8e95ae399a42f904cd0"
            ],
            "index": "pypi",
            "markers": "python_version >= '3.7'",
            "version": "==1.1.1"
        },
        "typing-extensions": {
            "hashes": [
                "sha256:04e5ca0351e0f3f85c6853954072df659d0d13fac324d0072316b67d7794700d",
                "sha256:1a7ead55c7e559dd4dee8856e3a88b41225abfe1ce8df57b7c13915fe121ffb8"
            ],
            "markers": "python_version >= '3.8'",
            "version": "==4.12.2"
        }
    }
}
